
Microsoft Visual Studio Solution File, Format Version 12.00
# Visual Studio Version 17
VisualStudioVersion = 17.7.34031.279
MinimumVisualStudioVersion = 10.0.40219.1
Project("{FAE04EC0-301F-11D3-BF4B-00C04F79EFBC}") = "OopMethods", "OopMethods.csproj", "{893F4BA6-0061-4E79-8DA8-1D75C4BEA92A}"
EndProject
Global
	GlobalSection(SolutionConfigurationPlatforms) = preSolution
		Debug|Any CPU = Debug|Any CPU
		Release|Any CPU = Release|Any CPU
	EndGlobalSection
	GlobalSection(ProjectConfigurationPlatforms) = postSolution
		{893F4BA6-0061-4E79-8DA8-1D75C4BEA92A}.Debug|Any CPU.ActiveCfg = Debug|Any CPU
		{893F4BA6-0061-4E79-8DA8-1D75C4BEA92A}.Debug|Any CPU.Build.0 = Debug|Any CPU
		{893F4BA6-0061-4E79-8DA8-1D75C4BEA92A}.Release|Any CPU.ActiveCfg = Release|Any CPU
		{893F4BA6-0061-4E79-8DA8-1D75C4BEA92A}.Release|Any CPU.Build.0 = Release|Any CPU
	EndGlobalSection
	GlobalSection(SolutionProperties) = preSolution
		HideSolutionNode = FALSE
	EndGlobalSection
	GlobalSection(ExtensibilityGlobals) = postSolution
		SolutionGuid = {86167789-AC9B-4705-8DFE-7976E19F5BFF}
	EndGlobalSection
EndGlobal
